// !$*UTF8*$!
{
	archiveVersion = 1;
	classes = {
	};
	objectVersion = 46;
	objects = {

/* Begin PBXBuildFile section */
		BAEBD7761DF6A630008A4A0A /* AppDelegate.swift in Sources */ = {isa = PBXBuildFile; fileRef = BAEBD7751DF6A630008A4A0A /* AppDelegate.swift */; };
		BAEBD7781DF6A630008A4A0A /* ViewController.swift in Sources */ = {isa = PBXBuildFile; fileRef = BAEBD7771DF6A630008A4A0A /* ViewController.swift */; };
		BAEBD77B1DF6A630008A4A0A /* Main.storyboard in Resources */ = {isa = PBXBuildFile; fileRef = BAEBD7791DF6A630008A4A0A /* Main.storyboard */; };
		BAEBD77D1DF6A630008A4A0A /* Assets.xcassets in Resources */ = {isa = PBXBuildFile; fileRef = BAEBD77C1DF6A630008A4A0A /* Assets.xcassets */; };
		BAEBD7801DF6A630008A4A0A /* LaunchScreen.storyboard in Resources */ = {isa = PBXBuildFile; fileRef = BAEBD77E1DF6A630008A4A0A /* LaunchScreen.storyboard */; };
		BAEBD78B1DF6A630008A4A0A /* mandlebrotTests.swift in Sources */ = {isa = PBXBuildFile; fileRef = BAEBD78A1DF6A630008A4A0A /* mandlebrotTests.swift */; };
		BAEBD7961DF6A630008A4A0A /* mandlebrotUITests.swift in Sources */ = {isa = PBXBuildFile; fileRef = BAEBD7951DF6A630008A4A0A /* mandlebrotUITests.swift */; };
/* End PBXBuildFile section */

/* Begin PBXContainerItemProxy section */
		BAEBD7871DF6A630008A4A0A /* PBXContainerItemProxy */ = {
			isa = PBXContainerItemProxy;
			containerPortal = BAEBD76A1DF6A630008A4A0A /* Project object */;
			proxyType = 1;
			remoteGlobalIDString = BAEBD7711DF6A630008A4A0A;
			remoteInfo = mandlebrot;
		};
		BAEBD7921DF6A630008A4A0A /* PBXContainerItemProxy */ = {
			isa = PBXContainerItemProxy;
			containerPortal = BAEBD76A1DF6A630008A4A0A /* Project object */;
			proxyType = 1;
			remoteGlobalIDString = BAEBD7711DF6A630008A4A0A;
			remoteInfo = mandlebrot;
		};
/* End PBXContainerItemProxy section */

/* Begin PBXFileReference section */
		BAEBD7721DF6A630008A4A0A /* mandlebrot.app */ = {isa = PBXFileReference; explicitFileType = wrapper.application; includeInIndex = 0; path = mandlebrot.app; sourceTree = BUILT_PRODUCTS_DIR; };
		BAEBD7751DF6A630008A4A0A /* AppDelegate.swift */ = {isa = PBXFileReference; lastKnownFileType = sourcecode.swift; path = AppDelegate.swift; sourceTree = "<group>"; };
		BAEBD7771DF6A630008A4A0A /* ViewController.swift */ = {isa = PBXFileReference; lastKnownFileType = sourcecode.swift; path = ViewController.swift; sourceTree = "<group>"; };
		BAEBD77A1DF6A630008A4A0A /* Base */ = {isa = PBXFileReference; lastKnownFileType = file.storyboard; name = Base; path = Base.lproj/Main.storyboard; sourceTree = "<group>"; };
		BAEBD77C1DF6A630008A4A0A /* Assets.xcassets */ = {isa = PBXFileReference; lastKnownFileType = folder.assetcatalog; path = Assets.xcassets; sourceTree = "<group>"; };
		BAEBD77F1DF6A630008A4A0A /* Base */ = {isa = PBXFileReference; lastKnownFileType = file.storyboard; name = Base; path = Base.lproj/LaunchScreen.storyboard; sourceTree = "<group>"; };
		BAEBD7811DF6A630008A4A0A /* Info.plist */ = {isa = PBXFileReference; lastKnownFileType = text.plist.xml; path = Info.plist; sourceTree = "<group>"; };
		BAEBD7861DF6A630008A4A0A /* mandlebrotTests.xctest */ = {isa = PBXFileReference; explicitFileType = wrapper.cfbundle; includeInIndex = 0; path = mandlebrotTests.xctest; sourceTree = BUILT_PRODUCTS_DIR; };
		BAEBD78A1DF6A630008A4A0A /* mandlebrotTests.swift */ = {isa = PBXFileReference; lastKnownFileType = sourcecode.swift; path = mandlebrotTests.swift; sourceTree = "<group>"; };
		BAEBD78C1DF6A630008A4A0A /* Info.plist */ = {isa = PBXFileReference; lastKnownFileType = text.plist.xml; path = Info.plist; sourceTree = "<group>"; };
		BAEBD7911DF6A630008A4A0A /* mandlebrotUITests.xctest */ = {isa = PBXFileReference; explicitFileType = wrapper.cfbundle; includeInIndex = 0; path = mandlebrotUITests.xctest; sourceTree = BUILT_PRODUCTS_DIR; };
		BAEBD7951DF6A630008A4A0A /* mandlebrotUITests.swift */ = {isa = PBXFileReference; lastKnownFileType = sourcecode.swift; path = mandlebrotUITests.swift; sourceTree = "<group>"; };
		BAEBD7971DF6A630008A4A0A /* Info.plist */ = {isa = PBXFileReference; lastKnownFileType = text.plist.xml; path = Info.plist; sourceTree = "<group>"; };
/* End PBXFileReference section */

/* Begin PBXFrameworksBuildPhase section */
		BAEBD76F1DF6A630008A4A0A /* Frameworks */ = {
			isa = PBXFrameworksBuildPhase;
			buildActionMask = 2147483647;
			files = (
			);
			runOnlyForDeploymentPostprocessing = 0;
		};
		BAEBD7831DF6A630008A4A0A /* Frameworks */ = {
			isa = PBXFrameworksBuildPhase;
			buildActionMask = 2147483647;
			files = (
			);
			runOnlyForDeploymentPostprocessing = 0;
		};
		BAEBD78E1DF6A630008A4A0A /* Frameworks */ = {
			isa = PBXFrameworksBuildPhase;
			buildActionMask = 2147483647;
			files = (
			);
			runOnlyForDeploymentPostprocessing = 0;
		};
/* End PBXFrameworksBuildPhase section */

/* Begin PBXGroup section */
		BAEBD7691DF6A630008A4A0A = {
			isa = PBXGroup;
			children = (
				BAEBD7741DF6A630008A4A0A /* mandlebrot */,
				BAEBD7891DF6A630008A4A0A /* mandlebrotTests */,
				BAEBD7941DF6A630008A4A0A /* mandlebrotUITests */,
				BAEBD7731DF6A630008A4A0A /* Products */,
			);
			sourceTree = "<group>";
		};
		BAEBD7731DF6A630008A4A0A /* Products */ = {
			isa = PBXGroup;
			children = (
				BAEBD7721DF6A630008A4A0A /* mandlebrot.app */,
				BAEBD7861DF6A630008A4A0A /* mandlebrotTests.xctest */,
				BAEBD7911DF6A630008A4A0A /* mandlebrotUITests.xctest */,
			);
			name = Products;
			sourceTree = "<group>";
		};
		BAEBD7741DF6A630008A4A0A /* mandlebrot */ = {
			isa = PBXGroup;
			children = (
				BAEBD7751DF6A630008A4A0A /* AppDelegate.swift */,
				BAEBD7771DF6A630008A4A0A /* ViewController.swift */,
				BAEBD7791DF6A630008A4A0A /* Main.storyboard */,
				BAEBD77C1DF6A630008A4A0A /* Assets.xcassets */,
				BAEBD77E1DF6A630008A4A0A /* LaunchScreen.storyboard */,
				BAEBD7811DF6A630008A4A0A /* Info.plist */,
			);
			path = mandlebrot;
			sourceTree = "<group>";
		};
		BAEBD7891DF6A630008A4A0A /* mandlebrotTests */ = {
			isa = PBXGroup;
			children = (
				BAEBD78A1DF6A630008A4A0A /* mandlebrotTests.swift */,
				BAEBD78C1DF6A630008A4A0A /* Info.plist */,
			);
			path = mandlebrotTests;
			sourceTree = "<group>";
		};
		BAEBD7941DF6A630008A4A0A /* mandlebrotUITests */ = {
			isa = PBXGroup;
			children = (
				BAEBD7951DF6A630008A4A0A /* mandlebrotUITests.swift */,
				BAEBD7971DF6A630008A4A0A /* Info.plist */,
			);
			path = mandlebrotUITests;
			sourceTree = "<group>";
		};
/* End PBXGroup section */

/* Begin PBXNativeTarget section */
		BAEBD7711DF6A630008A4A0A /* mandlebrot */ = {
			isa = PBXNativeTarget;
			buildConfigurationList = BAEBD79A1DF6A630008A4A0A /* Build configuration list for PBXNativeTarget "mandlebrot" */;
			buildPhases = (
				BAEBD76E1DF6A630008A4A0A /* Sources */,
				BAEBD76F1DF6A630008A4A0A /* Frameworks */,
				BAEBD7701DF6A630008A4A0A /* Resources */,
			);
			buildRules = (
			);
			dependencies = (
			);
			name = mandlebrot;
			productName = mandlebrot;
			productReference = BAEBD7721DF6A630008A4A0A /* mandlebrot.app */;
			productType = "com.apple.product-type.application";
		};
		BAEBD7851DF6A630008A4A0A /* mandlebrotTests */ = {
			isa = PBXNativeTarget;
			buildConfigurationList = BAEBD79D1DF6A630008A4A0A /* Build configuration list for PBXNativeTarget "mandlebrotTests" */;
			buildPhases = (
				BAEBD7821DF6A630008A4A0A /* Sources */,
				BAEBD7831DF6A630008A4A0A /* Frameworks */,
				BAEBD7841DF6A630008A4A0A /* Resources */,
			);
			buildRules = (
			);
			dependencies = (
				BAEBD7881DF6A630008A4A0A /* PBXTargetDependency */,
			);
			name = mandlebrotTests;
			productName = mandlebrotTests;
			productReference = BAEBD7861DF6A630008A4A0A /* mandlebrotTests.xctest */;
			productType = "com.apple.product-type.bundle.unit-test";
		};
		BAEBD7901DF6A630008A4A0A /* mandlebrotUITests */ = {
			isa = PBXNativeTarget;
			buildConfigurationList = BAEBD7A01DF6A630008A4A0A /* Build configuration list for PBXNativeTarget "mandlebrotUITests" */;
			buildPhases = (
				BAEBD78D1DF6A630008A4A0A /* Sources */,
				BAEBD78E1DF6A630008A4A0A /* Frameworks */,
				BAEBD78F1DF6A630008A4A0A /* Resources */,
			);
			buildRules = (
			);
			dependencies = (
				BAEBD7931DF6A630008A4A0A /* PBXTargetDependency */,
			);
			name = mandlebrotUITests;
			productName = mandlebrotUITests;
			productReference = BAEBD7911DF6A630008A4A0A /* mandlebrotUITests.xctest */;
			productType = "com.apple.product-type.bundle.ui-testing";
		};
/* End PBXNativeTarget section */

/* Begin PBXProject section */
		BAEBD76A1DF6A630008A4A0A /* Project object */ = {
			isa = PBXProject;
			attributes = {
				LastSwiftUpdateCheck = 0810;
				LastUpgradeCheck = 0810;
				ORGANIZATIONNAME = "Henry Bradlow";
				TargetAttributes = {
					BAEBD7711DF6A630008A4A0A = {
						CreatedOnToolsVersion = 8.1;
						DevelopmentTeam = MHPUHQDFHM;
						ProvisioningStyle = Automatic;
					};
					BAEBD7851DF6A630008A4A0A = {
						CreatedOnToolsVersion = 8.1;
						DevelopmentTeam = MHPUHQDFHM;
						ProvisioningStyle = Automatic;
						TestTargetID = BAEBD7711DF6A630008A4A0A;
					};
					BAEBD7901DF6A630008A4A0A = {
						CreatedOnToolsVersion = 8.1;
						DevelopmentTeam = MHPUHQDFHM;
						ProvisioningStyle = Automatic;
						TestTargetID = BAEBD7711DF6A630008A4A0A;
					};
				};
			};
			buildConfigurationList = BAEBD76D1DF6A630008A4A0A /* Build configuration list for PBXProject "mandlebrot" */;
			compatibilityVersion = "Xcode 3.2";
			developmentRegion = English;
			hasScannedForEncodings = 0;
			knownRegions = (
				en,
				Base,
			);
			mainGroup = BAEBD7691DF6A630008A4A0A;
			productRefGroup = BAEBD7731DF6A630008A4A0A /* Products */;
			projectDirPath = "";
			projectRoot = "";
			targets = (
				BAEBD7711DF6A630008A4A0A /* mandlebrot */,
				BAEBD7851DF6A630008A4A0A /* mandlebrotTests */,
				BAEBD7901DF6A630008A4A0A /* mandlebrotUITests */,
			);
		};
/* End PBXProject section */

/* Begin PBXResourcesBuildPhase section */
		BAEBD7701DF6A630008A4A0A /* Resources */ = {
			isa = PBXResourcesBuildPhase;
			buildActionMask = 2147483647;
			files = (
				BAEBD7801DF6A630008A4A0A /* LaunchScreen.storyboard in Resources */,
				BAEBD77D1DF6A630008A4A0A /* Assets.xcassets in Resources */,
				BAEBD77B1DF6A630008A4A0A /* Main.storyboard in Resources */,
			);
			runOnlyForDeploymentPostprocessing = 0;
		};
		BAEBD7841DF6A630008A4A0A /* Resources */ = {
			isa = PBXResourcesBuildPhase;
			buildActionMask = 2147483647;
			files = (
			);
			runOnlyForDeploymentPostprocessing = 0;
		};
		BAEBD78F1DF6A630008A4A0A /* Resources */ = {
			isa = PBXResourcesBuildPhase;
			buildActionMask = 2147483647;
			files = (
			);
			runOnlyForDeploymentPostprocessing = 0;
		};
/* End PBXResourcesBuildPhase section */

/* Begin PBXSourcesBuildPhase section */
		BAEBD76E1DF6A630008A4A0A /* Sources */ = {
			isa = PBXSourcesBuildPhase;
			buildActionMask = 2147483647;
			files = (
				BAEBD7781DF6A630008A4A0A /* ViewController.swift in Sources */,
				BAEBD7761DF6A630008A4A0A /* AppDelegate.swift in Sources */,
			);
			runOnlyForDeploymentPostprocessing = 0;
		};
		BAEBD7821DF6A630008A4A0A /* Sources */ = {
			isa = PBXSourcesBuildPhase;
			buildActionMask = 2147483647;
			files = (
				BAEBD78B1DF6A630008A4A0A /* mandlebrotTests.swift in Sources */,
			);
			runOnlyForDeploymentPostprocessing = 0;
		};
		BAEBD78D1DF6A630008A4A0A /* Sources */ = {
			isa = PBXSourcesBuildPhase;
			buildActionMask = 2147483647;
			files = (
				BAEBD7961DF6A630008A4A0A /* mandlebrotUITests.swift in Sources */,
			);
			runOnlyForDeploymentPostprocessing = 0;
		};
/* End PBXSourcesBuildPhase section */

/* Begin PBXTargetDependency section */
		BAEBD7881DF6A630008A4A0A /* PBXTargetDependency */ = {
			isa = PBXTargetDependency;
			target = BAEBD7711DF6A630008A4A0A /* mandlebrot */;
			targetProxy = BAEBD7871DF6A630008A4A0A /* PBXContainerItemProxy */;
		};
		BAEBD7931DF6A630008A4A0A /* PBXTargetDependency */ = {
			isa = PBXTargetDependency;
			target = BAEBD7711DF6A630008A4A0A /* mandlebrot */;
			targetProxy = BAEBD7921DF6A630008A4A0A /* PBXContainerItemProxy */;
		};
/* End PBXTargetDependency section */

/* Begin PBXVariantGroup section */
		BAEBD7791DF6A630008A4A0A /* Main.storyboard */ = {
			isa = PBXVariantGroup;
			children = (
				BAEBD77A1DF6A630008A4A0A /* Base */,
			);
			name = Main.storyboard;
			sourceTree = "<group>";
		};
		BAEBD77E1DF6A630008A4A0A /* LaunchScreen.storyboard */ = {
			isa = PBXVariantGroup;
			children = (
				BAEBD77F1DF6A630008A4A0A /* Base */,
			);
			name = LaunchScreen.storyboard;
			sourceTree = "<group>";
		};
/* End PBXVariantGroup section */

/* Begin XCBuildConfiguration section */
		BAEBD7981DF6A630008A4A0A /* Debug */ = {
			isa = XCBuildConfiguration;
			buildSettings = {
				ALWAYS_SEARCH_USER_PATHS = NO;
				CLANG_ANALYZER_NONNULL = YES;
				CLANG_CXX_LANGUAGE_STANDARD = "gnu++0x";
				CLANG_CXX_LIBRARY = "libc++";
				CLANG_ENABLE_MODULES = YES;
				CLANG_ENABLE_OBJC_ARC = YES;
				CLANG_WARN_BOOL_CONVERSION = YES;
				CLANG_WARN_CONSTANT_CONVERSION = YES;
				CLANG_WARN_DIRECT_OBJC_ISA_USAGE = YES_ERROR;
				CLANG_WARN_DOCUMENTATION_COMMENTS = YES;
				CLANG_WARN_EMPTY_BODY = YES;
				CLANG_WARN_ENUM_CONVERSION = YES;
				CLANG_WARN_INFINITE_RECURSION = YES;
				CLANG_WARN_INT_CONVERSION = YES;
				CLANG_WARN_OBJC_ROOT_CLASS = YES_ERROR;
				CLANG_WARN_SUSPICIOUS_MOVES = YES;
				CLANG_WARN_UNREACHABLE_CODE = YES;
				CLANG_WARN__DUPLICATE_METHOD_MATCH = YES;
				"CODE_SIGN_IDENTITY[sdk=iphoneos*]" = "iPhone Developer";
				COPY_PHASE_STRIP = NO;
				DEBUG_INFORMATION_FORMAT = dwarf;
				ENABLE_STRICT_OBJC_MSGSEND = YES;
				ENABLE_TESTABILITY = YES;
				GCC_C_LANGUAGE_STANDARD = gnu99;
				GCC_DYNAMIC_NO_PIC = NO;
				GCC_NO_COMMON_BLOCKS = YES;
				GCC_OPTIMIZATION_LEVEL = 0;
				GCC_PREPROCESSOR_DEFINITIONS = (
					"DEBUG=1",
					"$(inherited)",
				);
				GCC_WARN_64_TO_32_BIT_CONVERSION = YES;
				GCC_WARN_ABOUT_RETURN_TYPE = YES_ERROR;
				GCC_WARN_UNDECLARED_SELECTOR = YES;
				GCC_WARN_UNINITIALIZED_AUTOS = YES_AGGRESSIVE;
				GCC_WARN_UNUSED_FUNCTION = YES;
				GCC_WARN_UNUSED_VARIABLE = YES;
				IPHONEOS_DEPLOYMENT_TARGET = 10.1;
				MTL_ENABLE_DEBUG_INFO = YES;
				ONLY_ACTIVE_ARCH = YES;
				SDKROOT = iphoneos;
				SWIFT_ACTIVE_COMPILATION_CONDITIONS = DEBUG;
				SWIFT_OPTIMIZATION_LEVEL = "-Onone";
			};
			name = Debug;
		};
		BAEBD7991DF6A630008A4A0A /* Release */ = {
			isa = XCBuildConfiguration;
			buildSettings = {
				ALWAYS_SEARCH_USER_PATHS = NO;
				CLANG_ANALYZER_NONNULL = YES;
				CLANG_CXX_LANGUAGE_STANDARD = "gnu++0x";
				CLANG_CXX_LIBRARY = "libc++";
				CLANG_ENABLE_MODULES = YES;
				CLANG_ENABLE_OBJC_ARC = YES;
				CLANG_WARN_BOOL_CONVERSION = YES;
				CLANG_WARN_CONSTANT_CONVERSION = YES;
				CLANG_WARN_DIRECT_OBJC_ISA_USAGE = YES_ERROR;
				CLANG_WARN_DOCUMENTATION_COMMENTS = YES;
				CLANG_WARN_EMPTY_BODY = YES;
				CLANG_WARN_ENUM_CONVERSION = YES;
				CLANG_WARN_INFINITE_RECURSION = YES;
				CLANG_WARN_INT_CONVERSION = YES;
				CLANG_WARN_OBJC_ROOT_CLASS = YES_ERROR;
				CLANG_WARN_SUSPICIOUS_MOVES = YES;
				CLANG_WARN_UNREACHABLE_CODE = YES;
				CLANG_WARN__DUPLICATE_METHOD_MATCH = YES;
				"CODE_SIGN_IDENTITY[sdk=iphoneos*]" = "iPhone Developer";
				COPY_PHASE_STRIP = NO;
				DEBUG_INFORMATION_FORMAT = "dwarf-with-dsym";
				ENABLE_NS_ASSERTIONS = NO;
				ENABLE_STRICT_OBJC_MSGSEND = YES;
				GCC_C_LANGUAGE_STANDARD = gnu99;
				GCC_NO_COMMON_BLOCKS = YES;
				GCC_WARN_64_TO_32_BIT_CONVERSION = YES;
				GCC_WARN_ABOUT_RETURN_TYPE = YES_ERROR;
				GCC_WARN_UNDECLARED_SELECTOR = YES;
				GCC_WARN_UNINITIALIZED_AUTOS = YES_AGGRESSIVE;
				GCC_WARN_UNUSED_FUNCTION = YES;
				GCC_WARN_UNUSED_VARIABLE = YES;
				IPHONEOS_DEPLOYMENT_TARGET = 10.1;
				MTL_ENABLE_DEBUG_INFO = NO;
				SDKROOT = iphoneos;
				SWIFT_OPTIMIZATION_LEVEL = "-Owholemodule";
				VALIDATE_PRODUCT = YES;
			};
			name = Release;
		};
		BAEBD79B1DF6A630008A4A0A /* Debug */ = {
			isa = XCBuildConfiguration;
			buildSettings = {
				ASSETCATALOG_COMPILER_APPICON_NAME = AppIcon;
				DEVELOPMENT_TEAM = MHPUHQDFHM;
				INFOPLIST_FILE = mandlebrot/Info.plist;
				LD_RUNPATH_SEARCH_PATHS = "$(inherited) @executable_path/Frameworks";
				PRODUCT_BUNDLE_IDENTIFIER = com.lilyrobotics.mandlebrot;
				PRODUCT_NAME = "$(TARGET_NAME)";
				SWIFT_VERSION = 3.0;
			};
			name = Debug;
		};
		BAEBD79C1DF6A630008A4A0A /* Release */ = {
			isa = XCBuildConfiguration;
			buildSettings = {
				ASSETCATALOG_COMPILER_APPICON_NAME = AppIcon;
				DEVELOPMENT_TEAM = MHPUHQDFHM;
				INFOPLIST_FILE = mandlebrot/Info.plist;
				LD_RUNPATH_SEARCH_PATHS = "$(inherited) @executable_path/Frameworks";
				PRODUCT_BUNDLE_IDENTIFIER = com.lilyrobotics.mandlebrot;
				PRODUCT_NAME = "$(TARGET_NAME)";
				SWIFT_VERSION = 3.0;
			};
			name = Release;
		};
		BAEBD79E1DF6A630008A4A0A /* Debug */ = {
			isa = XCBuildConfiguration;
			buildSettings = {
				ALWAYS_EMBED_SWIFT_STANDARD_LIBRARIES = YES;
				BUNDLE_LOADER = "$(TEST_HOST)";
				DEVELOPMENT_TEAM = MHPUHQDFHM;
				INFOPLIST_FILE = mandlebrotTests/Info.plist;
				LD_RUNPATH_SEARCH_PATHS = "$(inherited) @executable_path/Frameworks @loader_path/Frameworks";
				PRODUCT_BUNDLE_IDENTIFIER = com.lilyrobotics.mandlebrotTests;
				PRODUCT_NAME = "$(TARGET_NAME)";
				SWIFT_VERSION = 3.0;
				TEST_HOST = "$(BUILT_PRODUCTS_DIR)/mandlebrot.app/mandlebrot";
			};
			name = Debug;
		};
		BAEBD79F1DF6A630008A4A0A /* Release */ = {
			isa = XCBuildConfiguration;
			buildSettings = {
				ALWAYS_EMBED_SWIFT_STANDARD_LIBRARIES = YES;
				BUNDLE_LOADER = "$(TEST_HOST)";
				DEVELOPMENT_TEAM = MHPUHQDFHM;
				INFOPLIST_FILE = mandlebrotTests/Info.plist;
				LD_RUNPATH_SEARCH_PATHS = "$(inherited) @executable_path/Frameworks @loader_path/Frameworks";
				PRODUCT_BUNDLE_IDENTIFIER = com.lilyrobotics.mandlebrotTests;
				PRODUCT_NAME = "$(TARGET_NAME)";
				SWIFT_VERSION = 3.0;
				TEST_HOST = "$(BUILT_PRODUCTS_DIR)/mandlebrot.app/mandlebrot";
			};
			name = Release;
		};
		BAEBD7A11DF6A630008A4A0A /* Debug */ = {
			isa = XCBuildConfiguration;
			buildSettings = {
				ALWAYS_EMBED_SWIFT_STANDARD_LIBRARIES = YES;
				DEVELOPMENT_TEAM = MHPUHQDFHM;
				INFOPLIST_FILE = mandlebrotUITests/Info.plist;
				LD_RUNPATH_SEARCH_PATHS = "$(inherited) @executable_path/Frameworks @loader_path/Frameworks";
				PRODUCT_BUNDLE_IDENTIFIER = com.lilyrobotics.mandlebrotUITests;
				PRODUCT_NAME = "$(TARGET_NAME)";
				SWIFT_VERSION = 3.0;
				TEST_TARGET_NAME = mandlebrot;
			};
			name = Debug;
		};
		BAEBD7A21DF6A630008A4A0A /* Release */ = {
			isa = XCBuildConfiguration;
			buildSettings = {
				ALWAYS_EMBED_SWIFT_STANDARD_LIBRARIES = YES;
				DEVELOPMENT_TEAM = MHPUHQDFHM;
				INFOPLIST_FILE = mandlebrotUITests/Info.plist;
				LD_RUNPATH_SEARCH_PATHS = "$(inherited) @executable_path/Frameworks @loader_path/Frameworks";
				PRODUCT_BUNDLE_IDENTIFIER = com.lilyrobotics.mandlebrotUITests;
				PRODUCT_NAME = "$(TARGET_NAME)";
				SWIFT_VERSION = 3.0;
				TEST_TARGET_NAME = mandlebrot;
			};
			name = Release;
		};
/* End XCBuildConfiguration section */

/* Begin XCConfigurationList section */
		BAEBD76D1DF6A630008A4A0A /* Build configuration list for PBXProject "mandlebrot" */ = {
			isa = XCConfigurationList;
			buildConfigurations = (
				BAEBD7981DF6A630008A4A0A /* Debug */,
				BAEBD7991DF6A630008A4A0A /* Release */,
			);
			defaultConfigurationIsVisible = 0;
			defaultConfigurationName = Release;
		};
		BAEBD79A1DF6A630008A4A0A /* Build configuration list for PBXNativeTarget "mandlebrot" */ = {
			isa = XCConfigurationList;
			buildConfigurations = (
				BAEBD79B1DF6A630008A4A0A /* Debug */,
				BAEBD79C1DF6A630008A4A0A /* Release */,
			);
			defaultConfigurationIsVisible = 0;
		};
		BAEBD79D1DF6A630008A4A0A /* Build configuration list for PBXNativeTarget "mandlebrotTests" */ = {
			isa = XCConfigurationList;
			buildConfigurations = (
				BAEBD79E1DF6A630008A4A0A /* Debug */,
				BAEBD79F1DF6A630008A4A0A /* Release */,
			);
			defaultConfigurationIsVisible = 0;
		};
		BAEBD7A01DF6A630008A4A0A /* Build configuration list for PBXNativeTarget "mandlebrotUITests" */ = {
			isa = XCConfigurationList;
			buildConfigurations = (
				BAEBD7A11DF6A630008A4A0A /* Debug */,
				BAEBD7A21DF6A630008A4A0A /* Release */,
			);
			defaultConfigurationIsVisible = 0;
		};
/* End XCConfigurationList section */
	};
	rootObject = BAEBD76A1DF6A630008A4A0A /* Project object */;
}
